// !$*UTF8*$!
{
	archiveVersion = 1;
	classes = {
	};
	objectVersion = 56;
	objects = {

/* Begin PBXBuildFile section */
		95D208532B7E345000E3EE36 /* RealityKitContent in Frameworks */ = {isa = PBXBuildFile; productRef = 95D208522B7E345000E3EE36 /* RealityKitContent */; };
		95D208552B7E345000E3EE36 /* skeletonApp.swift in Sources */ = {isa = PBXBuildFile; fileRef = 95D208542B7E345000E3EE36 /* skeletonApp.swift */; };
		95D208572B7E345000E3EE36 /* ContentView.swift in Sources */ = {isa = PBXBuildFile; fileRef = 95D208562B7E345000E3EE36 /* ContentView.swift */; };
		95D208592B7E345000E3EE36 /* ImmersiveView.swift in Sources */ = {isa = PBXBuildFile; fileRef = 95D208582B7E345000E3EE36 /* ImmersiveView.swift */; };
		95D2085B2B7E345000E3EE36 /* ImageBasedLighting.skybox in Resources */ = {isa = PBXBuildFile; fileRef = 95D2085A2B7E345000E3EE36 /* ImageBasedLighting.skybox */; };
		95D2085D2B7E345200E3EE36 /* Assets.xcassets in Resources */ = {isa = PBXBuildFile; fileRef = 95D2085C2B7E345200E3EE36 /* Assets.xcassets */; };
		95D208602B7E345200E3EE36 /* Preview Assets.xcassets in Resources */ = {isa = PBXBuildFile; fileRef = 95D2085F2B7E345200E3EE36 /* Preview Assets.xcassets */; };
		95D2086B2B7E345200E3EE36 /* skeletonTests.swift in Sources */ = {isa = PBXBuildFile; fileRef = 95D2086A2B7E345200E3EE36 /* skeletonTests.swift */; };
/* End PBXBuildFile section */

/* Begin PBXContainerItemProxy section */
		95D208672B7E345200E3EE36 /* PBXContainerItemProxy */ = {
			isa = PBXContainerItemProxy;
			containerPortal = 95D208452B7E345000E3EE36 /* Project object */;
			proxyType = 1;
			remoteGlobalIDString = 95D2084C2B7E345000E3EE36;
			remoteInfo = skeleton;
		};
/* End PBXContainerItemProxy section */

/* Begin PBXFileReference section */
		95D2084D2B7E345000E3EE36 /* skeleton.app */ = {isa = PBXFileReference; explicitFileType = wrapper.application; includeInIndex = 0; path = skeleton.app; sourceTree = BUILT_PRODUCTS_DIR; };
		95D208512B7E345000E3EE36 /* RealityKitContent */ = {isa = PBXFileReference; lastKnownFileType = wrapper; path = RealityKitContent; sourceTree = "<group>"; };
		95D208542B7E345000E3EE36 /* skeletonApp.swift */ = {isa = PBXFileReference; lastKnownFileType = sourcecode.swift; path = skeletonApp.swift; sourceTree = "<group>"; };
		95D208562B7E345000E3EE36 /* ContentView.swift */ = {isa = PBXFileReference; lastKnownFileType = sourcecode.swift; path = ContentView.swift; sourceTree = "<group>"; };
		95D208582B7E345000E3EE36 /* ImmersiveView.swift */ = {isa = PBXFileReference; lastKnownFileType = sourcecode.swift; path = ImmersiveView.swift; sourceTree = "<group>"; };
		95D2085A2B7E345000E3EE36 /* ImageBasedLighting.skybox */ = {isa = PBXFileReference; lastKnownFileType = file.skybox; path = ImageBasedLighting.skybox; sourceTree = "<group>"; };
		95D2085C2B7E345200E3EE36 /* Assets.xcassets */ = {isa = PBXFileReference; lastKnownFileType = folder.assetcatalog; path = Assets.xcassets; sourceTree = "<group>"; };
		95D2085F2B7E345200E3EE36 /* Preview Assets.xcassets */ = {isa = PBXFileReference; lastKnownFileType = folder.assetcatalog; path = "Preview Assets.xcassets"; sourceTree = "<group>"; };
		95D208612B7E345200E3EE36 /* Info.plist */ = {isa = PBXFileReference; lastKnownFileType = text.plist.xml; path = Info.plist; sourceTree = "<group>"; };
		95D208662B7E345200E3EE36 /* skeletonTests.xctest */ = {isa = PBXFileReference; explicitFileType = wrapper.cfbundle; includeInIndex = 0; path = skeletonTests.xctest; sourceTree = BUILT_PRODUCTS_DIR; };
		95D2086A2B7E345200E3EE36 /* skeletonTests.swift */ = {isa = PBXFileReference; lastKnownFileType = sourcecode.swift; path = skeletonTests.swift; sourceTree = "<group>"; };
/* End PBXFileReference section */

/* Begin PBXFrameworksBuildPhase section */
		95D2084A2B7E345000E3EE36 /* Frameworks */ = {
			isa = PBXFrameworksBuildPhase;
			buildActionMask = 2147483647;
			files = (
				95D208532B7E345000E3EE36 /* RealityKitContent in Frameworks */,
			);
			runOnlyForDeploymentPostprocessing = 0;
		};
		95D208632B7E345200E3EE36 /* Frameworks */ = {
			isa = PBXFrameworksBuildPhase;
			buildActionMask = 2147483647;
			files = (
			);
			runOnlyForDeploymentPostprocessing = 0;
		};
/* End PBXFrameworksBuildPhase section */

/* Begin PBXGroup section */
		95D208442B7E345000E3EE36 = {
			isa = PBXGroup;
			children = (
				95D2084F2B7E345000E3EE36 /* skeleton */,
				95D208502B7E345000E3EE36 /* Packages */,
				95D208692B7E345200E3EE36 /* skeletonTests */,
				95D2084E2B7E345000E3EE36 /* Products */,
			);
			sourceTree = "<group>";
		};
		95D2084E2B7E345000E3EE36 /* Products */ = {
			isa = PBXGroup;
			children = (
				95D2084D2B7E345000E3EE36 /* skeleton.app */,
				95D208662B7E345200E3EE36 /* skeletonTests.xctest */,
			);
			name = Products;
			sourceTree = "<group>";
		};
		95D2084F2B7E345000E3EE36 /* skeleton */ = {
			isa = PBXGroup;
			children = (
				95D208542B7E345000E3EE36 /* skeletonApp.swift */,
				95D208562B7E345000E3EE36 /* ContentView.swift */,
				95D208582B7E345000E3EE36 /* ImmersiveView.swift */,
				95D2085A2B7E345000E3EE36 /* ImageBasedLighting.skybox */,
				95D2085C2B7E345200E3EE36 /* Assets.xcassets */,
				95D208612B7E345200E3EE36 /* Info.plist */,
				95D2085E2B7E345200E3EE36 /* Preview Content */,
			);
			path = skeleton;
			sourceTree = "<group>";
		};
		95D208502B7E345000E3EE36 /* Packages */ = {
			isa = PBXGroup;
			children = (
				95D208512B7E345000E3EE36 /* RealityKitContent */,
			);
			path = Packages;
			sourceTree = "<group>";
		};
		95D2085E2B7E345200E3EE36 /* Preview Content */ = {
			isa = PBXGroup;
			children = (
				95D2085F2B7E345200E3EE36 /* Preview Assets.xcassets */,
			);
			path = "Preview Content";
			sourceTree = "<group>";
		};
		95D208692B7E345200E3EE36 /* skeletonTests */ = {
			isa = PBXGroup;
			children = (
				95D2086A2B7E345200E3EE36 /* skeletonTests.swift */,
			);
			path = skeletonTests;
			sourceTree = "<group>";
		};
/* End PBXGroup section */

/* Begin PBXNativeTarget section */
		95D2084C2B7E345000E3EE36 /* skeleton */ = {
			isa = PBXNativeTarget;
			buildConfigurationList = 95D2086E2B7E345200E3EE36 /* Build configuration list for PBXNativeTarget "skeleton" */;
			buildPhases = (
				95D208492B7E345000E3EE36 /* Sources */,
				95D2084A2B7E345000E3EE36 /* Frameworks */,
				95D2084B2B7E345000E3EE36 /* Resources */,
			);
			buildRules = (
			);
			dependencies = (
			);
			name = skeleton;
			packageProductDependencies = (
				95D208522B7E345000E3EE36 /* RealityKitContent */,
			);
			productName = skeleton;
			productReference = 95D2084D2B7E345000E3EE36 /* skeleton.app */;
			productType = "com.apple.product-type.application";
		};
		95D208652B7E345200E3EE36 /* skeletonTests */ = {
			isa = PBXNativeTarget;
			buildConfigurationList = 95D208712B7E345200E3EE36 /* Build configuration list for PBXNativeTarget "skeletonTests" */;
			buildPhases = (
				95D208622B7E345200E3EE36 /* Sources */,
				95D208632B7E345200E3EE36 /* Frameworks */,
				95D208642B7E345200E3EE36 /* Resources */,
			);
			buildRules = (
			);
			dependencies = (
				95D208682B7E345200E3EE36 /* PBXTargetDependency */,
			);
			name = skeletonTests;
			productName = skeletonTests;
			productReference = 95D208662B7E345200E3EE36 /* skeletonTests.xctest */;
			productType = "com.apple.product-type.bundle.unit-test";
		};
/* End PBXNativeTarget section */

/* Begin PBXProject section */
		95D208452B7E345000E3EE36 /* Project object */ = {
			isa = PBXProject;
			attributes = {
				BuildIndependentTargetsInParallel = 1;
				LastSwiftUpdateCheck = 1520;
				LastUpgradeCheck = 1520;
				TargetAttributes = {
					95D2084C2B7E345000E3EE36 = {
						CreatedOnToolsVersion = 15.2;
					};
					95D208652B7E345200E3EE36 = {
						CreatedOnToolsVersion = 15.2;
						TestTargetID = 95D2084C2B7E345000E3EE36;
					};
				};
			};
			buildConfigurationList = 95D208482B7E345000E3EE36 /* Build configuration list for PBXProject "skeleton" */;
			compatibilityVersion = "Xcode 14.0";
			developmentRegion = en;
			hasScannedForEncodings = 0;
			knownRegions = (
				en,
				Base,
			);
			mainGroup = 95D208442B7E345000E3EE36;
			productRefGroup = 95D2084E2B7E345000E3EE36 /* Products */;
			projectDirPath = "";
			projectRoot = "";
			targets = (
				95D2084C2B7E345000E3EE36 /* skeleton */,
				95D208652B7E345200E3EE36 /* skeletonTests */,
			);
		};
/* End PBXProject section */

/* Begin PBXResourcesBuildPhase section */
		95D2084B2B7E345000E3EE36 /* Resources */ = {
			isa = PBXResourcesBuildPhase;
			buildActionMask = 2147483647;
			files = (
				95D2085D2B7E345200E3EE36 /* Assets.xcassets in Resources */,
				95D208602B7E345200E3EE36 /* Preview Assets.xcassets in Resources */,
				95D2085B2B7E345000E3EE36 /* ImageBasedLighting.skybox in Resources */,
			);
			runOnlyForDeploymentPostprocessing = 0;
		};
		95D208642B7E345200E3EE36 /* Resources */ = {
			isa = PBXResourcesBuildPhase;
			buildActionMask = 2147483647;
			files = (
			);
			runOnlyForDeploymentPostprocessing = 0;
		};
/* End PBXResourcesBuildPhase section */

/* Begin PBXSourcesBuildPhase section */
		95D208492B7E345000E3EE36 /* Sources */ = {
			isa = PBXSourcesBuildPhase;
			buildActionMask = 2147483647;
			files = (
				95D208572B7E345000E3EE36 /* ContentView.swift in Sources */,
				95D208552B7E345000E3EE36 /* skeletonApp.swift in Sources */,
				95D208592B7E345000E3EE36 /* ImmersiveView.swift in Sources */,
			);
			runOnlyForDeploymentPostprocessing = 0;
		};
		95D208622B7E345200E3EE36 /* Sources */ = {
			isa = PBXSourcesBuildPhase;
			buildActionMask = 2147483647;
			files = (
				95D2086B2B7E345200E3EE36 /* skeletonTests.swift in Sources */,
			);
			runOnlyForDeploymentPostprocessing = 0;
		};
/* End PBXSourcesBuildPhase section */

/* Begin PBXTargetDependency section */
		95D208682B7E345200E3EE36 /* PBXTargetDependency */ = {
			isa = PBXTargetDependency;
			target = 95D2084C2B7E345000E3EE36 /* skeleton */;
			targetProxy = 95D208672B7E345200E3EE36 /* PBXContainerItemProxy */;
		};
/* End PBXTargetDependency section */

/* Begin XCBuildConfiguration section */
		95D2086C2B7E345200E3EE36 /* Debug */ = {
			isa = XCBuildConfiguration;
			buildSettings = {
				ALWAYS_SEARCH_USER_PATHS = NO;
				ASSETCATALOG_COMPILER_GENERATE_SWIFT_ASSET_SYMBOL_EXTENSIONS = YES;
				CLANG_ANALYZER_NONNULL = YES;
				CLANG_ANALYZER_NUMBER_OBJECT_CONVERSION = YES_AGGRESSIVE;
				CLANG_CXX_LANGUAGE_STANDARD = "gnu++20";
				CLANG_ENABLE_MODULES = YES;
				CLANG_ENABLE_OBJC_ARC = YES;
				CLANG_ENABLE_OBJC_WEAK = YES;
				CLANG_WARN_BLOCK_CAPTURE_AUTORELEASING = YES;
				CLANG_WARN_BOOL_CONVERSION = YES;
				CLANG_WARN_COMMA = YES;
				CLANG_WARN_CONSTANT_CONVERSION = YES;
				CLANG_WARN_DEPRECATED_OBJC_IMPLEMENTATIONS = YES;
				CLANG_WARN_DIRECT_OBJC_ISA_USAGE = YES_ERROR;
				CLANG_WARN_DOCUMENTATION_COMMENTS = YES;
				CLANG_WARN_EMPTY_BODY = YES;
				CLANG_WARN_ENUM_CONVERSION = YES;
				CLANG_WARN_INFINITE_RECURSION = YES;
				CLANG_WARN_INT_CONVERSION = YES;
				CLANG_WARN_NON_LITERAL_NULL_CONVERSION = YES;
				CLANG_WARN_OBJC_IMPLICIT_RETAIN_SELF = YES;
				CLANG_WARN_OBJC_LITERAL_CONVERSION = YES;
				CLANG_WARN_OBJC_ROOT_CLASS = YES_ERROR;
				CLANG_WARN_QUOTED_INCLUDE_IN_FRAMEWORK_HEADER = YES;
				CLANG_WARN_RANGE_LOOP_ANALYSIS = YES;
				CLANG_WARN_STRICT_PROTOTYPES = YES;
				CLANG_WARN_SUSPICIOUS_MOVE = YES;
				CLANG_WARN_UNGUARDED_AVAILABILITY = YES_AGGRESSIVE;
				CLANG_WARN_UNREACHABLE_CODE = YES;
				CLANG_WARN__DUPLICATE_METHOD_MATCH = YES;
				COPY_PHASE_STRIP = NO;
				DEBUG_INFORMATION_FORMAT = dwarf;
				ENABLE_STRICT_OBJC_MSGSEND = YES;
				ENABLE_TESTABILITY = YES;
				ENABLE_USER_SCRIPT_SANDBOXING = YES;
				GCC_C_LANGUAGE_STANDARD = gnu17;
				GCC_DYNAMIC_NO_PIC = NO;
				GCC_NO_COMMON_BLOCKS = YES;
				GCC_OPTIMIZATION_LEVEL = 0;
				GCC_PREPROCESSOR_DEFINITIONS = (
					"DEBUG=1",
					"$(inherited)",
				);
				GCC_WARN_64_TO_32_BIT_CONVERSION = YES;
				GCC_WARN_ABOUT_RETURN_TYPE = YES_ERROR;
				GCC_WARN_UNDECLARED_SELECTOR = YES;
				GCC_WARN_UNINITIALIZED_AUTOS = YES_AGGRESSIVE;
				GCC_WARN_UNUSED_FUNCTION = YES;
				GCC_WARN_UNUSED_VARIABLE = YES;
				LOCALIZATION_PREFERS_STRING_CATALOGS = YES;
				MTL_ENABLE_DEBUG_INFO = INCLUDE_SOURCE;
				MTL_FAST_MATH = YES;
				ONLY_ACTIVE_ARCH = YES;
				SDKROOT = xros;
				SWIFT_ACTIVE_COMPILATION_CONDITIONS = "DEBUG $(inherited)";
				SWIFT_OPTIMIZATION_LEVEL = "-Onone";
				XROS_DEPLOYMENT_TARGET = 1.0;
			};
			name = Debug;
		};
		95D2086D2B7E345200E3EE36 /* Release */ = {
			isa = XCBuildConfiguration;
			buildSettings = {
				ALWAYS_SEARCH_USER_PATHS = NO;
				ASSETCATALOG_COMPILER_GENERATE_SWIFT_ASSET_SYMBOL_EXTENSIONS = YES;
				CLANG_ANALYZER_NONNULL = YES;
				CLANG_ANALYZER_NUMBER_OBJECT_CONVERSION = YES_AGGRESSIVE;
				CLANG_CXX_LANGUAGE_STANDARD = "gnu++20";
				CLANG_ENABLE_MODULES = YES;
				CLANG_ENABLE_OBJC_ARC = YES;
				CLANG_ENABLE_OBJC_WEAK = YES;
				CLANG_WARN_BLOCK_CAPTURE_AUTORELEASING = YES;
				CLANG_WARN_BOOL_CONVERSION = YES;
				CLANG_WARN_COMMA = YES;
				CLANG_WARN_CONSTANT_CONVERSION = YES;
				CLANG_WARN_DEPRECATED_OBJC_IMPLEMENTATIONS = YES;
				CLANG_WARN_DIRECT_OBJC_ISA_USAGE = YES_ERROR;
				CLANG_WARN_DOCUMENTATION_COMMENTS = YES;
				CLANG_WARN_EMPTY_BODY = YES;
				CLANG_WARN_ENUM_CONVERSION = YES;
				CLANG_WARN_INFINITE_RECURSION = YES;
				CLANG_WARN_INT_CONVERSION = YES;
				CLANG_WARN_NON_LITERAL_NULL_CONVERSION = YES;
				CLANG_WARN_OBJC_IMPLICIT_RETAIN_SELF = YES;
				CLANG_WARN_OBJC_LITERAL_CONVERSION = YES;
				CLANG_WARN_OBJC_ROOT_CLASS = YES_ERROR;
				CLANG_WARN_QUOTED_INCLUDE_IN_FRAMEWORK_HEADER = YES;
				CLANG_WARN_RANGE_LOOP_ANALYSIS = YES;
				CLANG_WARN_STRICT_PROTOTYPES = YES;
				CLANG_WARN_SUSPICIOUS_MOVE = YES;
				CLANG_WARN_UNGUARDED_AVAILABILITY = YES_AGGRESSIVE;
				CLANG_WARN_UNREACHABLE_CODE = YES;
				CLANG_WARN__DUPLICATE_METHOD_MATCH = YES;
				COPY_PHASE_STRIP = NO;
				DEBUG_INFORMATION_FORMAT = "dwarf-with-dsym";
				ENABLE_NS_ASSERTIONS = NO;
				ENABLE_STRICT_OBJC_MSGSEND = YES;
				ENABLE_USER_SCRIPT_SANDBOXING = YES;
				GCC_C_LANGUAGE_STANDARD = gnu17;
				GCC_NO_COMMON_BLOCKS = YES;
				GCC_WARN_64_TO_32_BIT_CONVERSION = YES;
				GCC_WARN_ABOUT_RETURN_TYPE = YES_ERROR;
				GCC_WARN_UNDECLARED_SELECTOR = YES;
				GCC_WARN_UNINITIALIZED_AUTOS = YES_AGGRESSIVE;
				GCC_WARN_UNUSED_FUNCTION = YES;
				GCC_WARN_UNUSED_VARIABLE = YES;
				LOCALIZATION_PREFERS_STRING_CATALOGS = YES;
				MTL_ENABLE_DEBUG_INFO = NO;
				MTL_FAST_MATH = YES;
				SDKROOT = xros;
				SWIFT_COMPILATION_MODE = wholemodule;
				VALIDATE_PRODUCT = YES;
				XROS_DEPLOYMENT_TARGET = 1.0;
			};
			name = Release;
		};
		95D2086F2B7E345200E3EE36 /* Debug */ = {
			isa = XCBuildConfiguration;
			buildSettings = {
				ASSETCATALOG_COMPILER_APPICON_NAME = AppIcon;
				ASSETCATALOG_COMPILER_GLOBAL_ACCENT_COLOR_NAME = AccentColor;
				CODE_SIGN_STYLE = Automatic;
				CURRENT_PROJECT_VERSION = 1;
				DEVELOPMENT_ASSET_PATHS = "\"skeleton/Preview Content\"";
				DEVELOPMENT_TEAM = WK4ZDKST9B;
				ENABLE_PREVIEWS = YES;
				GENERATE_INFOPLIST_FILE = YES;
				INFOPLIST_FILE = "$(TARGET_NAME)/Info.plist";
				LD_RUNPATH_SEARCH_PATHS = (
					"$(inherited)",
					"@executable_path/Frameworks",
				);
				MARKETING_VERSION = 1.0;
				PRODUCT_BUNDLE_IDENTIFIER = ai.breakai.skeleton;
				PRODUCT_NAME = "$(TARGET_NAME)";
				SUPPORTED_PLATFORMS = "xros xrsimulator";
				SWIFT_EMIT_LOC_STRINGS = YES;
				SWIFT_VERSION = 5.0;
				TARGETED_DEVICE_FAMILY = "1,2,7";
			};
			name = Debug;
		};
		95D208702B7E345200E3EE36 /* Release */ = {
			isa = XCBuildConfiguration;
			buildSettings = {
				ASSETCATALOG_COMPILER_APPICON_NAME = AppIcon;
				ASSETCATALOG_COMPILER_GLOBAL_ACCENT_COLOR_NAME = AccentColor;
				CODE_SIGN_STYLE = Automatic;
				CURRENT_PROJECT_VERSION = 1;
				DEVELOPMENT_ASSET_PATHS = "\"skeleton/Preview Content\"";
				DEVELOPMENT_TEAM = WK4ZDKST9B;
				ENABLE_PREVIEWS = YES;
				GENERATE_INFOPLIST_FILE = YES;
				INFOPLIST_FILE = "$(TARGET_NAME)/Info.plist";
				LD_RUNPATH_SEARCH_PATHS = (
					"$(inherited)",
					"@executable_path/Frameworks",
				);
				MARKETING_VERSION = 1.0;
				PRODUCT_BUNDLE_IDENTIFIER = ai.breakai.skeleton;
				PRODUCT_NAME = "$(TARGET_NAME)";
				SUPPORTED_PLATFORMS = "xros xrsimulator";
				SWIFT_EMIT_LOC_STRINGS = YES;
				SWIFT_VERSION = 5.0;
				TARGETED_DEVICE_FAMILY = "1,2,7";
			};
			name = Release;
		};
		95D208722B7E345200E3EE36 /* Debug */ = {
			isa = XCBuildConfiguration;
			buildSettings = {
				ALWAYS_EMBED_SWIFT_STANDARD_LIBRARIES = YES;
				BUNDLE_LOADER = "$(TEST_HOST)";
				CODE_SIGN_STYLE = Automatic;
				CURRENT_PROJECT_VERSION = 1;
				DEVELOPMENT_TEAM = WK4ZDKST9B;
				GENERATE_INFOPLIST_FILE = YES;
				MARKETING_VERSION = 1.0;
				PRODUCT_BUNDLE_IDENTIFIER = ai.breakai.skeletonTests;
				PRODUCT_NAME = "$(TARGET_NAME)";
				SUPPORTED_PLATFORMS = "xros xrsimulator";
				SWIFT_EMIT_LOC_STRINGS = NO;
				SWIFT_VERSION = 5.0;
				TARGETED_DEVICE_FAMILY = "1,2,7";
				TEST_HOST = "$(BUILT_PRODUCTS_DIR)/skeleton.app/$(BUNDLE_EXECUTABLE_FOLDER_PATH)/skeleton";
				XROS_DEPLOYMENT_TARGET = 1.0;
			};
			name = Debug;
		};
		95D208732B7E345200E3EE36 /* Release */ = {
			isa = XCBuildConfiguration;
			buildSettings = {
				ALWAYS_EMBED_SWIFT_STANDARD_LIBRARIES = YES;
				BUNDLE_LOADER = "$(TEST_HOST)";
				CODE_SIGN_STYLE = Automatic;
				CURRENT_PROJECT_VERSION = 1;
				DEVELOPMENT_TEAM = WK4ZDKST9B;
				GENERATE_INFOPLIST_FILE = YES;
				MARKETING_VERSION = 1.0;
				PRODUCT_BUNDLE_IDENTIFIER = ai.breakai.skeletonTests;
				PRODUCT_NAME = "$(TARGET_NAME)";
				SUPPORTED_PLATFORMS = "xros xrsimulator";
				SWIFT_EMIT_LOC_STRINGS = NO;
				SWIFT_VERSION = 5.0;
				TARGETED_DEVICE_FAMILY = "1,2,7";
				TEST_HOST = "$(BUILT_PRODUCTS_DIR)/skeleton.app/$(BUNDLE_EXECUTABLE_FOLDER_PATH)/skeleton";
				XROS_DEPLOYMENT_TARGET = 1.0;
			};
			name = Release;
		};
/* End XCBuildConfiguration section */

/* Begin XCConfigurationList section */
		95D208482B7E345000E3EE36 /* Build configuration list for PBXProject "skeleton" */ = {
			isa = XCConfigurationList;
			buildConfigurations = (
				95D2086C2B7E345200E3EE36 /* Debug */,
				95D2086D2B7E345200E3EE36 /* Release */,
			);
			defaultConfigurationIsVisible = 0;
			defaultConfigurationName = Release;
		};
		95D2086E2B7E345200E3EE36 /* Build configuration list for PBXNativeTarget "skeleton" */ = {
			isa = XCConfigurationList;
			buildConfigurations = (
				95D2086F2B7E345200E3EE36 /* Debug */,
				95D208702B7E345200E3EE36 /* Release */,
			);
			defaultConfigurationIsVisible = 0;
			defaultConfigurationName = Release;
		};
		95D208712B7E345200E3EE36 /* Build configuration list for PBXNativeTarget "skeletonTests" */ = {
			isa = XCConfigurationList;
			buildConfigurations = (
				95D208722B7E345200E3EE36 /* Debug */,
				95D208732B7E345200E3EE36 /* Release */,
			);
			defaultConfigurationIsVisible = 0;
			defaultConfigurationName = Release;
		};
/* End XCConfigurationList section */

/* Begin XCSwiftPackageProductDependency section */
		95D208522B7E345000E3EE36 /* RealityKitContent */ = {
			isa = XCSwiftPackageProductDependency;
			productName = RealityKitContent;
		};
/* End XCSwiftPackageProductDependency section */
	};
	rootObject = 95D208452B7E345000E3EE36 /* Project object */;
}
